
Microsoft Visual Studio Solution File, Format Version 12.00
# Visual Studio Version 17
VisualStudioVersion = 17.1.32407.343
MinimumVisualStudioVersion = 10.0.40219.1
Project("{9A19103F-16F7-4668-BE54-9A1E7A4F7556}") = "Training", "Training\Training.csproj", "{C9D4C869-9D55-4926-982B-FA7BE2D42E20}"
EndProject
Project("{9A19103F-16F7-4668-BE54-9A1E7A4F7556}") = "Training.Data", "Training.Data\Training.Data.csproj", "{29B4A7D3-BC00-4FE4-8A9F-17F260720E46}"
EndProject
Project("{9A19103F-16F7-4668-BE54-9A1E7A4F7556}") = "Training.Factories", "Training.Factories\Training.Factories.csproj", "{B704FF7A-E554-49D1-83A3-0DE458278D51}"
EndProject
Project("{9A19103F-16F7-4668-BE54-9A1E7A4F7556}") = "Training.Threads", "Training.Threads\Training.Threads.csproj", "{BEEC6978-4222-4938-A0CB-C8D6DA113DD6}"
EndProject
Project("{9A19103F-16F7-4668-BE54-9A1E7A4F7556}") = "Training.Test", "Training.Test\Training.Test.csproj", "{9542E173-DF9C-414F-AC95-F2BD5BA694BF}"
EndProject
Project("{2150E333-8FDC-42A3-9474-1A3956D46DE8}") = "Solution Items", "Solution Items", "{66CC2992-C109-43B1-9D07-189140E6333E}"
	ProjectSection(SolutionItems) = preProject
		SqlServerScripts\BuiltInSystemFunctions.sql = SqlServerScripts\BuiltInSystemFunctions.sql
		SqlServerScripts\ControlFlow.sql = SqlServerScripts\ControlFlow.sql
		SqlServerScripts\CTE_And_TableVariables.sql = SqlServerScripts\CTE_And_TableVariables.sql
		SqlServerScripts\MilesInventory.sql = SqlServerScripts\MilesInventory.sql
		SqlServerScripts\TempTableWalkthrough.sql = SqlServerScripts\TempTableWalkthrough.sql
		SqlServerScripts\Transactions.sql = SqlServerScripts\Transactions.sql
		SqlServerScripts\Views.sql = SqlServerScripts\Views.sql
	EndProjectSection
EndProject
Global
	GlobalSection(SolutionConfigurationPlatforms) = preSolution
		Debug|Any CPU = Debug|Any CPU
		Release|Any CPU = Release|Any CPU
	EndGlobalSection
	GlobalSection(ProjectConfigurationPlatforms) = postSolution
		{C9D4C869-9D55-4926-982B-FA7BE2D42E20}.Debug|Any CPU.ActiveCfg = Debug|Any CPU
		{C9D4C869-9D55-4926-982B-FA7BE2D42E20}.Debug|Any CPU.Build.0 = Debug|Any CPU
		{C9D4C869-9D55-4926-982B-FA7BE2D42E20}.Release|Any CPU.ActiveCfg = Release|Any CPU
		{C9D4C869-9D55-4926-982B-FA7BE2D42E20}.Release|Any CPU.Build.0 = Release|Any CPU
		{29B4A7D3-BC00-4FE4-8A9F-17F260720E46}.Debug|Any CPU.ActiveCfg = Debug|Any CPU
		{29B4A7D3-BC00-4FE4-8A9F-17F260720E46}.Debug|Any CPU.Build.0 = Debug|Any CPU
		{29B4A7D3-BC00-4FE4-8A9F-17F260720E46}.Release|Any CPU.ActiveCfg = Release|Any CPU
		{29B4A7D3-BC00-4FE4-8A9F-17F260720E46}.Release|Any CPU.Build.0 = Release|Any CPU
		{B704FF7A-E554-49D1-83A3-0DE458278D51}.Debug|Any CPU.ActiveCfg = Debug|Any CPU
		{B704FF7A-E554-49D1-83A3-0DE458278D51}.Debug|Any CPU.Build.0 = Debug|Any CPU
		{B704FF7A-E554-49D1-83A3-0DE458278D51}.Release|Any CPU.ActiveCfg = Release|Any CPU
		{B704FF7A-E554-49D1-83A3-0DE458278D51}.Release|Any CPU.Build.0 = Release|Any CPU
		{BEEC6978-4222-4938-A0CB-C8D6DA113DD6}.Debug|Any CPU.ActiveCfg = Debug|Any CPU
		{BEEC6978-4222-4938-A0CB-C8D6DA113DD6}.Debug|Any CPU.Build.0 = Debug|Any CPU
		{BEEC6978-4222-4938-A0CB-C8D6DA113DD6}.Release|Any CPU.ActiveCfg = Release|Any CPU
		{BEEC6978-4222-4938-A0CB-C8D6DA113DD6}.Release|Any CPU.Build.0 = Release|Any CPU
		{9542E173-DF9C-414F-AC95-F2BD5BA694BF}.Debug|Any CPU.ActiveCfg = Debug|Any CPU
		{9542E173-DF9C-414F-AC95-F2BD5BA694BF}.Debug|Any CPU.Build.0 = Debug|Any CPU
		{9542E173-DF9C-414F-AC95-F2BD5BA694BF}.Release|Any CPU.ActiveCfg = Release|Any CPU
		{9542E173-DF9C-414F-AC95-F2BD5BA694BF}.Release|Any CPU.Build.0 = Release|Any CPU
	EndGlobalSection
	GlobalSection(SolutionProperties) = preSolution
		HideSolutionNode = FALSE
	EndGlobalSection
	GlobalSection(ExtensibilityGlobals) = postSolution
		SolutionGuid = {A8946B66-3505-4CF0-ADBF-EC0322446B9B}
	EndGlobalSection
EndGlobal
