
Microsoft Visual Studio Solution File, Format Version 12.00
# Visual Studio Version 17
VisualStudioVersion = 17.1.32421.90
MinimumVisualStudioVersion = 10.0.40219.1
Project("{FAE04EC0-301F-11D3-BF4B-00C04F79EFBC}") = "ContosoUniversity", "ContosoUniversity\ContosoUniversity.csproj", "{FC90B5B1-CDFF-4C13-B13E-AAC89759A3AF}"
EndProject
Global
	GlobalSection(SolutionConfigurationPlatforms) = preSolution
		Debug|Any CPU = Debug|Any CPU
		Release|Any CPU = Release|Any CPU
	EndGlobalSection
	GlobalSection(ProjectConfigurationPlatforms) = postSolution
		{FC90B5B1-CDFF-4C13-B13E-AAC89759A3AF}.Debug|Any CPU.ActiveCfg = Debug|Any CPU
		{FC90B5B1-CDFF-4C13-B13E-AAC89759A3AF}.Debug|Any CPU.Build.0 = Debug|Any CPU
		{FC90B5B1-CDFF-4C13-B13E-AAC89759A3AF}.Release|Any CPU.ActiveCfg = Release|Any CPU
		{FC90B5B1-CDFF-4C13-B13E-AAC89759A3AF}.Release|Any CPU.Build.0 = Release|Any CPU
	EndGlobalSection
	GlobalSection(SolutionProperties) = preSolution
		HideSolutionNode = FALSE
	EndGlobalSection
	GlobalSection(ExtensibilityGlobals) = postSolution
		SolutionGuid = {A1B9DA74-8661-4036-9C52-58123A125237}
	EndGlobalSection
EndGlobal
